
Microsoft Visual Studio Solution File, Format Version 12.00
# Visual Studio Version 17
VisualStudioVersion = 17.8.34511.84
MinimumVisualStudioVersion = 10.0.40219.1
Project("{FAE04EC0-301F-11D3-BF4B-00C04F79EFBC}") = "l3t2", "l3t2.csproj", "{7E52D648-D7CD-46C9-8218-CC568957BCBB}"
EndProject
Global
	GlobalSection(SolutionConfigurationPlatforms) = preSolution
		Debug|Any CPU = Debug|Any CPU
		Release|Any CPU = Release|Any CPU
	EndGlobalSection
	GlobalSection(ProjectConfigurationPlatforms) = postSolution
		{7E52D648-D7CD-46C9-8218-CC568957BCBB}.Debug|Any CPU.ActiveCfg = Debug|Any CPU
		{7E52D648-D7CD-46C9-8218-CC568957BCBB}.Debug|Any CPU.Build.0 = Debug|Any CPU
		{7E52D648-D7CD-46C9-8218-CC568957BCBB}.Release|Any CPU.ActiveCfg = Release|Any CPU
		{7E52D648-D7CD-46C9-8218-CC568957BCBB}.Release|Any CPU.Build.0 = Release|Any CPU
	EndGlobalSection
	GlobalSection(SolutionProperties) = preSolution
		HideSolutionNode = FALSE
	EndGlobalSection
	GlobalSection(ExtensibilityGlobals) = postSolution
		SolutionGuid = {35F4F1B8-46A5-4E29-B738-7DB07CA8F262}
	EndGlobalSection
EndGlobal
