
Microsoft Visual Studio Solution File, Format Version 12.00
# Visual Studio Version 17
VisualStudioVersion = 17.8.34511.84
MinimumVisualStudioVersion = 10.0.40219.1
Project("{FAE04EC0-301F-11D3-BF4B-00C04F79EFBC}") = "l1t2", "l1t2.csproj", "{68944881-6E62-4716-A2B4-6F1AD2A4C008}"
EndProject
Global
	GlobalSection(SolutionConfigurationPlatforms) = preSolution
		Debug|Any CPU = Debug|Any CPU
		Release|Any CPU = Release|Any CPU
	EndGlobalSection
	GlobalSection(ProjectConfigurationPlatforms) = postSolution
		{68944881-6E62-4716-A2B4-6F1AD2A4C008}.Debug|Any CPU.ActiveCfg = Debug|Any CPU
		{68944881-6E62-4716-A2B4-6F1AD2A4C008}.Debug|Any CPU.Build.0 = Debug|Any CPU
		{68944881-6E62-4716-A2B4-6F1AD2A4C008}.Release|Any CPU.ActiveCfg = Release|Any CPU
		{68944881-6E62-4716-A2B4-6F1AD2A4C008}.Release|Any CPU.Build.0 = Release|Any CPU
	EndGlobalSection
	GlobalSection(SolutionProperties) = preSolution
		HideSolutionNode = FALSE
	EndGlobalSection
	GlobalSection(ExtensibilityGlobals) = postSolution
		SolutionGuid = {9C753120-F327-4013-A284-E8DDCA7AB5CA}
	EndGlobalSection
EndGlobal
