
Microsoft Visual Studio Solution File, Format Version 12.00
# Visual Studio Version 17
VisualStudioVersion = 17.8.34511.84
MinimumVisualStudioVersion = 10.0.40219.1
Project("{FAE04EC0-301F-11D3-BF4B-00C04F79EFBC}") = "l1t4", "l1t4.csproj", "{9FF3AE57-A838-4790-A489-03F9F5A20113}"
EndProject
Global
	GlobalSection(SolutionConfigurationPlatforms) = preSolution
		Debug|Any CPU = Debug|Any CPU
		Release|Any CPU = Release|Any CPU
	EndGlobalSection
	GlobalSection(ProjectConfigurationPlatforms) = postSolution
		{9FF3AE57-A838-4790-A489-03F9F5A20113}.Debug|Any CPU.ActiveCfg = Debug|Any CPU
		{9FF3AE57-A838-4790-A489-03F9F5A20113}.Debug|Any CPU.Build.0 = Debug|Any CPU
		{9FF3AE57-A838-4790-A489-03F9F5A20113}.Release|Any CPU.ActiveCfg = Release|Any CPU
		{9FF3AE57-A838-4790-A489-03F9F5A20113}.Release|Any CPU.Build.0 = Release|Any CPU
	EndGlobalSection
	GlobalSection(SolutionProperties) = preSolution
		HideSolutionNode = FALSE
	EndGlobalSection
	GlobalSection(ExtensibilityGlobals) = postSolution
		SolutionGuid = {58FD9ADF-715E-49E3-AF1C-9BDFCE9F3926}
	EndGlobalSection
EndGlobal
