
Microsoft Visual Studio Solution File, Format Version 12.00
# Visual Studio Version 17
VisualStudioVersion = 17.8.34511.84
MinimumVisualStudioVersion = 10.0.40219.1
Project("{FAE04EC0-301F-11D3-BF4B-00C04F79EFBC}") = "l1t6", "l1t6.csproj", "{45AB376F-7C53-45CE-8773-81E16F6C0E32}"
EndProject
Global
	GlobalSection(SolutionConfigurationPlatforms) = preSolution
		Debug|Any CPU = Debug|Any CPU
		Release|Any CPU = Release|Any CPU
	EndGlobalSection
	GlobalSection(ProjectConfigurationPlatforms) = postSolution
		{45AB376F-7C53-45CE-8773-81E16F6C0E32}.Debug|Any CPU.ActiveCfg = Debug|Any CPU
		{45AB376F-7C53-45CE-8773-81E16F6C0E32}.Debug|Any CPU.Build.0 = Debug|Any CPU
		{45AB376F-7C53-45CE-8773-81E16F6C0E32}.Release|Any CPU.ActiveCfg = Release|Any CPU
		{45AB376F-7C53-45CE-8773-81E16F6C0E32}.Release|Any CPU.Build.0 = Release|Any CPU
	EndGlobalSection
	GlobalSection(SolutionProperties) = preSolution
		HideSolutionNode = FALSE
	EndGlobalSection
	GlobalSection(ExtensibilityGlobals) = postSolution
		SolutionGuid = {FD22A8D4-8DA3-4B55-A86F-AD893E7D5B64}
	EndGlobalSection
EndGlobal
